// !$*UTF8*$!
{
	archiveVersion = 1;
	classes = {
	};
	objectVersion = 50;
	objects = {

/* Begin PBXBuildFile section */
		0358A4822409DD6A006AE95F /* GameStructure.swift in Sources */ = {isa = PBXBuildFile; fileRef = 0358A4812409DD6A006AE95F /* GameStructure.swift */; };
		0358A484240AEB25006AE95F /* GameTextToSpeech.swift in Sources */ = {isa = PBXBuildFile; fileRef = 0358A483240AEB25006AE95F /* GameTextToSpeech.swift */; };
		0358A48A240DC854006AE95F /* After_School_Jamboree.mp3 in Resources */ = {isa = PBXBuildFile; fileRef = 0358A489240DC854006AE95F /* After_School_Jamboree.mp3 */; };
		0358A48C241057CF006AE95F /* GameInstructions.swift in Sources */ = {isa = PBXBuildFile; fileRef = 0358A48B241057CF006AE95F /* GameInstructions.swift */; };
		03EF37712402EFFA00B04E6A /* AppDelegate.swift in Sources */ = {isa = PBXBuildFile; fileRef = 03EF37702402EFFA00B04E6A /* AppDelegate.swift */; };
		03EF37732402EFFA00B04E6A /* SceneDelegate.swift in Sources */ = {isa = PBXBuildFile; fileRef = 03EF37722402EFFA00B04E6A /* SceneDelegate.swift */; };
		03EF37752402EFFA00B04E6A /* ContentView.swift in Sources */ = {isa = PBXBuildFile; fileRef = 03EF37742402EFFA00B04E6A /* ContentView.swift */; };
		03EF37772402EFFD00B04E6A /* Assets.xcassets in Resources */ = {isa = PBXBuildFile; fileRef = 03EF37762402EFFD00B04E6A /* Assets.xcassets */; };
		03EF377A2402EFFD00B04E6A /* Preview Assets.xcassets in Resources */ = {isa = PBXBuildFile; fileRef = 03EF37792402EFFD00B04E6A /* Preview Assets.xcassets */; };
		03EF377D2402EFFD00B04E6A /* LaunchScreen.storyboard in Resources */ = {isa = PBXBuildFile; fileRef = 03EF377B2402EFFD00B04E6A /* LaunchScreen.storyboard */; };
		03EF37862403323100B04E6A /* GamesView.swift in Sources */ = {isa = PBXBuildFile; fileRef = 03EF37852403323100B04E6A /* GamesView.swift */; };
		03EF37912408771100B04E6A /* AnimalSound.swift in Sources */ = {isa = PBXBuildFile; fileRef = 03EF37902408771100B04E6A /* AnimalSound.swift */; };
		03EF37952408862200B04E6A /* AudioTestFile.swift in Sources */ = {isa = PBXBuildFile; fileRef = 03EF37942408862200B04E6A /* AudioTestFile.swift */; };
		03EF37992408921200B04E6A /* cow.mp3 in Resources */ = {isa = PBXBuildFile; fileRef = 03EF37982408921200B04E6A /* cow.mp3 */; };
		03EF379B2408928700B04E6A /* horse.mp3 in Resources */ = {isa = PBXBuildFile; fileRef = 03EF379A2408928700B04E6A /* horse.mp3 */; };
		03EF379D240892C400B04E6A /* pig.mp3 in Resources */ = {isa = PBXBuildFile; fileRef = 03EF379C240892C400B04E6A /* pig.mp3 */; };
		03EF379F2408948700B04E6A /* sheep.mp3 in Resources */ = {isa = PBXBuildFile; fileRef = 03EF379E2408948700B04E6A /* sheep.mp3 */; };
		03EF37A2240898E400B04E6A /* rabbit.mp3 in Resources */ = {isa = PBXBuildFile; fileRef = 03EF37A0240898E400B04E6A /* rabbit.mp3 */; };
		03EF37A3240898E400B04E6A /* llama.mp3 in Resources */ = {isa = PBXBuildFile; fileRef = 03EF37A1240898E400B04E6A /* llama.mp3 */; };
		03EF37A52408E25200B04E6A /* Swoosh.mp3 in Resources */ = {isa = PBXBuildFile; fileRef = 03EF37A42408E25100B04E6A /* Swoosh.mp3 */; };
/* End PBXBuildFile section */

/* Begin PBXFileReference section */
		0358A4812409DD6A006AE95F /* GameStructure.swift */ = {isa = PBXFileReference; lastKnownFileType = sourcecode.swift; path = GameStructure.swift; sourceTree = "<group>"; };
		0358A483240AEB25006AE95F /* GameTextToSpeech.swift */ = {isa = PBXFileReference; lastKnownFileType = sourcecode.swift; path = GameTextToSpeech.swift; sourceTree = "<group>"; };
		0358A489240DC854006AE95F /* After_School_Jamboree.mp3 */ = {isa = PBXFileReference; lastKnownFileType = audio.mp3; path = After_School_Jamboree.mp3; sourceTree = "<group>"; };
		0358A48B241057CF006AE95F /* GameInstructions.swift */ = {isa = PBXFileReference; lastKnownFileType = sourcecode.swift; path = GameInstructions.swift; sourceTree = "<group>"; };
		03EF376D2402EFFA00B04E6A /* Reveal.app */ = {isa = PBXFileReference; explicitFileType = wrapper.application; includeInIndex = 0; path = Reveal.app; sourceTree = BUILT_PRODUCTS_DIR; };
		03EF37702402EFFA00B04E6A /* AppDelegate.swift */ = {isa = PBXFileReference; lastKnownFileType = sourcecode.swift; path = AppDelegate.swift; sourceTree = "<group>"; };
		03EF37722402EFFA00B04E6A /* SceneDelegate.swift */ = {isa = PBXFileReference; lastKnownFileType = sourcecode.swift; path = SceneDelegate.swift; sourceTree = "<group>"; };
		03EF37742402EFFA00B04E6A /* ContentView.swift */ = {isa = PBXFileReference; lastKnownFileType = sourcecode.swift; path = ContentView.swift; sourceTree = "<group>"; };
		03EF37762402EFFD00B04E6A /* Assets.xcassets */ = {isa = PBXFileReference; lastKnownFileType = folder.assetcatalog; path = Assets.xcassets; sourceTree = "<group>"; };
		03EF37792402EFFD00B04E6A /* Preview Assets.xcassets */ = {isa = PBXFileReference; lastKnownFileType = folder.assetcatalog; path = "Preview Assets.xcassets"; sourceTree = "<group>"; };
		03EF377C2402EFFD00B04E6A /* Base */ = {isa = PBXFileReference; lastKnownFileType = file.storyboard; name = Base; path = Base.lproj/LaunchScreen.storyboard; sourceTree = "<group>"; };
		03EF377E2402EFFD00B04E6A /* Info.plist */ = {isa = PBXFileReference; lastKnownFileType = text.plist.xml; path = Info.plist; sourceTree = "<group>"; };
		03EF37852403323100B04E6A /* GamesView.swift */ = {isa = PBXFileReference; lastKnownFileType = sourcecode.swift; path = GamesView.swift; sourceTree = "<group>"; };
		03EF37902408771100B04E6A /* AnimalSound.swift */ = {isa = PBXFileReference; lastKnownFileType = sourcecode.swift; path = AnimalSound.swift; sourceTree = "<group>"; };
		03EF37942408862200B04E6A /* AudioTestFile.swift */ = {isa = PBXFileReference; lastKnownFileType = sourcecode.swift; path = AudioTestFile.swift; sourceTree = "<group>"; };
		03EF37982408921200B04E6A /* cow.mp3 */ = {isa = PBXFileReference; lastKnownFileType = audio.mp3; path = cow.mp3; sourceTree = "<group>"; };
		03EF379A2408928700B04E6A /* horse.mp3 */ = {isa = PBXFileReference; lastKnownFileType = audio.mp3; path = horse.mp3; sourceTree = "<group>"; };
		03EF379C240892C400B04E6A /* pig.mp3 */ = {isa = PBXFileReference; lastKnownFileType = audio.mp3; path = pig.mp3; sourceTree = "<group>"; };
		03EF379E2408948700B04E6A /* sheep.mp3 */ = {isa = PBXFileReference; lastKnownFileType = audio.mp3; path = sheep.mp3; sourceTree = "<group>"; };
		03EF37A0240898E400B04E6A /* rabbit.mp3 */ = {isa = PBXFileReference; lastKnownFileType = audio.mp3; path = rabbit.mp3; sourceTree = "<group>"; };
		03EF37A1240898E400B04E6A /* llama.mp3 */ = {isa = PBXFileReference; lastKnownFileType = audio.mp3; path = llama.mp3; sourceTree = "<group>"; };
		03EF37A42408E25100B04E6A /* Swoosh.mp3 */ = {isa = PBXFileReference; lastKnownFileType = audio.mp3; path = Swoosh.mp3; sourceTree = "<group>"; };
/* End PBXFileReference section */

/* Begin PBXFrameworksBuildPhase section */
		03EF376A2402EFFA00B04E6A /* Frameworks */ = {
			isa = PBXFrameworksBuildPhase;
			buildActionMask = 2147483647;
			files = (
			);
			runOnlyForDeploymentPostprocessing = 0;
		};
/* End PBXFrameworksBuildPhase section */

/* Begin PBXGroup section */
		03EF37642402EFFA00B04E6A = {
			isa = PBXGroup;
			children = (
				03EF376F2402EFFA00B04E6A /* Reveal */,
				03EF376E2402EFFA00B04E6A /* Products */,
			);
			sourceTree = "<group>";
		};
		03EF376E2402EFFA00B04E6A /* Products */ = {
			isa = PBXGroup;
			children = (
				03EF376D2402EFFA00B04E6A /* Reveal.app */,
			);
			name = Products;
			sourceTree = "<group>";
		};
		03EF376F2402EFFA00B04E6A /* Reveal */ = {
			isa = PBXGroup;
			children = (
				03EF37982408921200B04E6A /* cow.mp3 */,
				03EF37A1240898E400B04E6A /* llama.mp3 */,
				03EF37A0240898E400B04E6A /* rabbit.mp3 */,
				0358A489240DC854006AE95F /* After_School_Jamboree.mp3 */,
				03EF37A42408E25100B04E6A /* Swoosh.mp3 */,
				03EF379A2408928700B04E6A /* horse.mp3 */,
				03EF379E2408948700B04E6A /* sheep.mp3 */,
				03EF379C240892C400B04E6A /* pig.mp3 */,
				03EF37872403979600B04E6A /* Model */,
				03EF3784240331ED00B04E6A /* Views */,
				03EF37702402EFFA00B04E6A /* AppDelegate.swift */,
				03EF37722402EFFA00B04E6A /* SceneDelegate.swift */,
				03EF37742402EFFA00B04E6A /* ContentView.swift */,
				03EF37762402EFFD00B04E6A /* Assets.xcassets */,
				03EF377B2402EFFD00B04E6A /* LaunchScreen.storyboard */,
				03EF377E2402EFFD00B04E6A /* Info.plist */,
				03EF37782402EFFD00B04E6A /* Preview Content */,
			);
			path = Reveal;
			sourceTree = "<group>";
		};
		03EF37782402EFFD00B04E6A /* Preview Content */ = {
			isa = PBXGroup;
			children = (
				03EF37792402EFFD00B04E6A /* Preview Assets.xcassets */,
			);
			path = "Preview Content";
			sourceTree = "<group>";
		};
		03EF3784240331ED00B04E6A /* Views */ = {
			isa = PBXGroup;
			children = (
				03EF37852403323100B04E6A /* GamesView.swift */,
				03EF37942408862200B04E6A /* AudioTestFile.swift */,
				0358A48B241057CF006AE95F /* GameInstructions.swift */,
			);
			path = Views;
			sourceTree = "<group>";
		};
		03EF37872403979600B04E6A /* Model */ = {
			isa = PBXGroup;
			children = (
				03EF37902408771100B04E6A /* AnimalSound.swift */,
				0358A4812409DD6A006AE95F /* GameStructure.swift */,
				0358A483240AEB25006AE95F /* GameTextToSpeech.swift */,
			);
			path = Model;
			sourceTree = "<group>";
		};
/* End PBXGroup section */

/* Begin PBXNativeTarget section */
		03EF376C2402EFFA00B04E6A /* Reveal */ = {
			isa = PBXNativeTarget;
			buildConfigurationList = 03EF37812402EFFD00B04E6A /* Build configuration list for PBXNativeTarget "Reveal" */;
			buildPhases = (
				03EF37692402EFFA00B04E6A /* Sources */,
				03EF376A2402EFFA00B04E6A /* Frameworks */,
				03EF376B2402EFFA00B04E6A /* Resources */,
			);
			buildRules = (
			);
			dependencies = (
			);
			name = Reveal;
			productName = Reveal;
			productReference = 03EF376D2402EFFA00B04E6A /* Reveal.app */;
			productType = "com.apple.product-type.application";
		};
/* End PBXNativeTarget section */

/* Begin PBXProject section */
		03EF37652402EFFA00B04E6A /* Project object */ = {
			isa = PBXProject;
			attributes = {
				LastSwiftUpdateCheck = 1130;
				LastUpgradeCheck = 1130;
				ORGANIZATIONNAME = "Ufuoma Okoro";
				TargetAttributes = {
					03EF376C2402EFFA00B04E6A = {
						CreatedOnToolsVersion = 11.3.1;
					};
				};
			};
			buildConfigurationList = 03EF37682402EFFA00B04E6A /* Build configuration list for PBXProject "Reveal" */;
			compatibilityVersion = "Xcode 9.3";
			developmentRegion = en;
			hasScannedForEncodings = 0;
			knownRegions = (
				en,
				Base,
			);
			mainGroup = 03EF37642402EFFA00B04E6A;
			productRefGroup = 03EF376E2402EFFA00B04E6A /* Products */;
			projectDirPath = "";
			projectRoot = "";
			targets = (
				03EF376C2402EFFA00B04E6A /* Reveal */,
			);
		};
/* End PBXProject section */

/* Begin PBXResourcesBuildPhase section */
		03EF376B2402EFFA00B04E6A /* Resources */ = {
			isa = PBXResourcesBuildPhase;
			buildActionMask = 2147483647;
			files = (
				03EF377D2402EFFD00B04E6A /* LaunchScreen.storyboard in Resources */,
				03EF379D240892C400B04E6A /* pig.mp3 in Resources */,
				03EF379F2408948700B04E6A /* sheep.mp3 in Resources */,
				03EF37A52408E25200B04E6A /* Swoosh.mp3 in Resources */,
				03EF377A2402EFFD00B04E6A /* Preview Assets.xcassets in Resources */,
				03EF37A3240898E400B04E6A /* llama.mp3 in Resources */,
				03EF37A2240898E400B04E6A /* rabbit.mp3 in Resources */,
				0358A48A240DC854006AE95F /* After_School_Jamboree.mp3 in Resources */,
				03EF37772402EFFD00B04E6A /* Assets.xcassets in Resources */,
				03EF379B2408928700B04E6A /* horse.mp3 in Resources */,
				03EF37992408921200B04E6A /* cow.mp3 in Resources */,
			);
			runOnlyForDeploymentPostprocessing = 0;
		};
/* End PBXResourcesBuildPhase section */

/* Begin PBXSourcesBuildPhase section */
		03EF37692402EFFA00B04E6A /* Sources */ = {
			isa = PBXSourcesBuildPhase;
			buildActionMask = 2147483647;
			files = (
				03EF37912408771100B04E6A /* AnimalSound.swift in Sources */,
				0358A48C241057CF006AE95F /* GameInstructions.swift in Sources */,
				03EF37712402EFFA00B04E6A /* AppDelegate.swift in Sources */,
				03EF37732402EFFA00B04E6A /* SceneDelegate.swift in Sources */,
				0358A484240AEB25006AE95F /* GameTextToSpeech.swift in Sources */,
				03EF37862403323100B04E6A /* GamesView.swift in Sources */,
				03EF37752402EFFA00B04E6A /* ContentView.swift in Sources */,
				0358A4822409DD6A006AE95F /* GameStructure.swift in Sources */,
				03EF37952408862200B04E6A /* AudioTestFile.swift in Sources */,
			);
			runOnlyForDeploymentPostprocessing = 0;
		};
/* End PBXSourcesBuildPhase section */

/* Begin PBXVariantGroup section */
		03EF377B2402EFFD00B04E6A /* LaunchScreen.storyboard */ = {
			isa = PBXVariantGroup;
			children = (
				03EF377C2402EFFD00B04E6A /* Base */,
			);
			name = LaunchScreen.storyboard;
			sourceTree = "<group>";
		};
/* End PBXVariantGroup section */

/* Begin XCBuildConfiguration section */
		03EF377F2402EFFD00B04E6A /* Debug */ = {
			isa = XCBuildConfiguration;
			buildSettings = {
				ALWAYS_SEARCH_USER_PATHS = NO;
				CLANG_ANALYZER_NONNULL = YES;
				CLANG_ANALYZER_NUMBER_OBJECT_CONVERSION = YES_AGGRESSIVE;
				CLANG_CXX_LANGUAGE_STANDARD = "gnu++14";
				CLANG_CXX_LIBRARY = "libc++";
				CLANG_ENABLE_MODULES = YES;
				CLANG_ENABLE_OBJC_ARC = YES;
				CLANG_ENABLE_OBJC_WEAK = YES;
				CLANG_WARN_BLOCK_CAPTURE_AUTORELEASING = YES;
				CLANG_WARN_BOOL_CONVERSION = YES;
				CLANG_WARN_COMMA = YES;
				CLANG_WARN_CONSTANT_CONVERSION = YES;
				CLANG_WARN_DEPRECATED_OBJC_IMPLEMENTATIONS = YES;
				CLANG_WARN_DIRECT_OBJC_ISA_USAGE = YES_ERROR;
				CLANG_WARN_DOCUMENTATION_COMMENTS = YES;
				CLANG_WARN_EMPTY_BODY = YES;
				CLANG_WARN_ENUM_CONVERSION = YES;
				CLANG_WARN_INFINITE_RECURSION = YES;
				CLANG_WARN_INT_CONVERSION = YES;
				CLANG_WARN_NON_LITERAL_NULL_CONVERSION = YES;
				CLANG_WARN_OBJC_IMPLICIT_RETAIN_SELF = YES;
				CLANG_WARN_OBJC_LITERAL_CONVERSION = YES;
				CLANG_WARN_OBJC_ROOT_CLASS = YES_ERROR;
				CLANG_WARN_RANGE_LOOP_ANALYSIS = YES;
				CLANG_WARN_STRICT_PROTOTYPES = YES;
				CLANG_WARN_SUSPICIOUS_MOVE = YES;
				CLANG_WARN_UNGUARDED_AVAILABILITY = YES_AGGRESSIVE;
				CLANG_WARN_UNREACHABLE_CODE = YES;
				CLANG_WARN__DUPLICATE_METHOD_MATCH = YES;
				COPY_PHASE_STRIP = NO;
				DEBUG_INFORMATION_FORMAT = dwarf;
				ENABLE_STRICT_OBJC_MSGSEND = YES;
				ENABLE_TESTABILITY = YES;
				GCC_C_LANGUAGE_STANDARD = gnu11;
				GCC_DYNAMIC_NO_PIC = NO;
				GCC_NO_COMMON_BLOCKS = YES;
				GCC_OPTIMIZATION_LEVEL = 0;
				GCC_PREPROCESSOR_DEFINITIONS = (
					"DEBUG=1",
					"$(inherited)",
				);
				GCC_WARN_64_TO_32_BIT_CONVERSION = YES;
				GCC_WARN_ABOUT_RETURN_TYPE = YES_ERROR;
				GCC_WARN_UNDECLARED_SELECTOR = YES;
				GCC_WARN_UNINITIALIZED_AUTOS = YES_AGGRESSIVE;
				GCC_WARN_UNUSED_FUNCTION = YES;
				GCC_WARN_UNUSED_VARIABLE = YES;
				IPHONEOS_DEPLOYMENT_TARGET = 13.2;
				MTL_ENABLE_DEBUG_INFO = INCLUDE_SOURCE;
				MTL_FAST_MATH = YES;
				ONLY_ACTIVE_ARCH = YES;
				SDKROOT = iphoneos;
				SWIFT_ACTIVE_COMPILATION_CONDITIONS = DEBUG;
				SWIFT_OPTIMIZATION_LEVEL = "-Onone";
			};
			name = Debug;
		};
		03EF37802402EFFD00B04E6A /* Release */ = {
			isa = XCBuildConfiguration;
			buildSettings = {
				ALWAYS_SEARCH_USER_PATHS = NO;
				CLANG_ANALYZER_NONNULL = YES;
				CLANG_ANALYZER_NUMBER_OBJECT_CONVERSION = YES_AGGRESSIVE;
				CLANG_CXX_LANGUAGE_STANDARD = "gnu++14";
				CLANG_CXX_LIBRARY = "libc++";
				CLANG_ENABLE_MODULES = YES;
				CLANG_ENABLE_OBJC_ARC = YES;
				CLANG_ENABLE_OBJC_WEAK = YES;
				CLANG_WARN_BLOCK_CAPTURE_AUTORELEASING = YES;
				CLANG_WARN_BOOL_CONVERSION = YES;
				CLANG_WARN_COMMA = YES;
				CLANG_WARN_CONSTANT_CONVERSION = YES;
				CLANG_WARN_DEPRECATED_OBJC_IMPLEMENTATIONS = YES;
				CLANG_WARN_DIRECT_OBJC_ISA_USAGE = YES_ERROR;
				CLANG_WARN_DOCUMENTATION_COMMENTS = YES;
				CLANG_WARN_EMPTY_BODY = YES;
				CLANG_WARN_ENUM_CONVERSION = YES;
				CLANG_WARN_INFINITE_RECURSION = YES;
				CLANG_WARN_INT_CONVERSION = YES;
				CLANG_WARN_NON_LITERAL_NULL_CONVERSION = YES;
				CLANG_WARN_OBJC_IMPLICIT_RETAIN_SELF = YES;
				CLANG_WARN_OBJC_LITERAL_CONVERSION = YES;
				CLANG_WARN_OBJC_ROOT_CLASS = YES_ERROR;
				CLANG_WARN_RANGE_LOOP_ANALYSIS = YES;
				CLANG_WARN_STRICT_PROTOTYPES = YES;
				CLANG_WARN_SUSPICIOUS_MOVE = YES;
				CLANG_WARN_UNGUARDED_AVAILABILITY = YES_AGGRESSIVE;
				CLANG_WARN_UNREACHABLE_CODE = YES;
				CLANG_WARN__DUPLICATE_METHOD_MATCH = YES;
				COPY_PHASE_STRIP = NO;
				DEBUG_INFORMATION_FORMAT = "dwarf-with-dsym";
				ENABLE_NS_ASSERTIONS = NO;
				ENABLE_STRICT_OBJC_MSGSEND = YES;
				GCC_C_LANGUAGE_STANDARD = gnu11;
				GCC_NO_COMMON_BLOCKS = YES;
				GCC_WARN_64_TO_32_BIT_CONVERSION = YES;
				GCC_WARN_ABOUT_RETURN_TYPE = YES_ERROR;
				GCC_WARN_UNDECLARED_SELECTOR = YES;
				GCC_WARN_UNINITIALIZED_AUTOS = YES_AGGRESSIVE;
				GCC_WARN_UNUSED_FUNCTION = YES;
				GCC_WARN_UNUSED_VARIABLE = YES;
				IPHONEOS_DEPLOYMENT_TARGET = 13.2;
				MTL_ENABLE_DEBUG_INFO = NO;
				MTL_FAST_MATH = YES;
				SDKROOT = iphoneos;
				SWIFT_COMPILATION_MODE = wholemodule;
				SWIFT_OPTIMIZATION_LEVEL = "-O";
				VALIDATE_PRODUCT = YES;
			};
			name = Release;
		};
		03EF37822402EFFD00B04E6A /* Debug */ = {
			isa = XCBuildConfiguration;
			buildSettings = {
				ASSETCATALOG_COMPILER_APPICON_NAME = AppIcon;
				CODE_SIGN_STYLE = Automatic;
				DEVELOPMENT_ASSET_PATHS = "\"Reveal/Preview Content\"";
				DEVELOPMENT_TEAM = FUA8MUZTUH;
				ENABLE_PREVIEWS = YES;
				INFOPLIST_FILE = Reveal/Info.plist;
				LD_RUNPATH_SEARCH_PATHS = (
					"$(inherited)",
					"@executable_path/Frameworks",
				);
				PRODUCT_BUNDLE_IDENTIFIER = "ufookoro-me.com.Reveal";
				PRODUCT_NAME = "$(TARGET_NAME)";
				SWIFT_VERSION = 5.0;
				TARGETED_DEVICE_FAMILY = "1,2";
			};
			name = Debug;
		};
		03EF37832402EFFD00B04E6A /* Release */ = {
			isa = XCBuildConfiguration;
			buildSettings = {
				ASSETCATALOG_COMPILER_APPICON_NAME = AppIcon;
				CODE_SIGN_STYLE = Automatic;
				DEVELOPMENT_ASSET_PATHS = "\"Reveal/Preview Content\"";
				DEVELOPMENT_TEAM = FUA8MUZTUH;
				ENABLE_PREVIEWS = YES;
				INFOPLIST_FILE = Reveal/Info.plist;
				LD_RUNPATH_SEARCH_PATHS = (
					"$(inherited)",
					"@executable_path/Frameworks",
				);
				PRODUCT_BUNDLE_IDENTIFIER = "ufookoro-me.com.Reveal";
				PRODUCT_NAME = "$(TARGET_NAME)";
				SWIFT_VERSION = 5.0;
				TARGETED_DEVICE_FAMILY = "1,2";
			};
			name = Release;
		};
/* End XCBuildConfiguration section */

/* Begin XCConfigurationList section */
		03EF37682402EFFA00B04E6A /* Build configuration list for PBXProject "Reveal" */ = {
			isa = XCConfigurationList;
			buildConfigurations = (
				03EF377F2402EFFD00B04E6A /* Debug */,
				03EF37802402EFFD00B04E6A /* Release */,
			);
			defaultConfigurationIsVisible = 0;
			defaultConfigurationName = Release;
		};
		03EF37812402EFFD00B04E6A /* Build configuration list for PBXNativeTarget "Reveal" */ = {
			isa = XCConfigurationList;
			buildConfigurations = (
				03EF37822402EFFD00B04E6A /* Debug */,
				03EF37832402EFFD00B04E6A /* Release */,
			);
			defaultConfigurationIsVisible = 0;
			defaultConfigurationName = Release;
		};
/* End XCConfigurationList section */
	};
	rootObject = 03EF37652402EFFA00B04E6A /* Project object */;
}
